
Microsoft Visual Studio Solution File, Format Version 12.00
# Visual Studio Version 17
VisualStudioVersion = 17.5.33516.290
MinimumVisualStudioVersion = 10.0.40219.1
Project("{FAE04EC0-301F-11D3-BF4B-00C04F79EFBC}") = "ProgrammingClass4.MvcLesson", "ProgrammingClass4.MvcLesson\ProgrammingClass4.MvcLesson.csproj", "{279497AB-328A-46E1-BDB0-C5A45140EB71}"
EndProject
Global
	GlobalSection(SolutionConfigurationPlatforms) = preSolution
		Debug|Any CPU = Debug|Any CPU
		Release|Any CPU = Release|Any CPU
	EndGlobalSection
	GlobalSection(ProjectConfigurationPlatforms) = postSolution
		{279497AB-328A-46E1-BDB0-C5A45140EB71}.Debug|Any CPU.ActiveCfg = Debug|Any CPU
		{279497AB-328A-46E1-BDB0-C5A45140EB71}.Debug|Any CPU.Build.0 = Debug|Any CPU
		{279497AB-328A-46E1-BDB0-C5A45140EB71}.Release|Any CPU.ActiveCfg = Release|Any CPU
		{279497AB-328A-46E1-BDB0-C5A45140EB71}.Release|Any CPU.Build.0 = Release|Any CPU
	EndGlobalSection
	GlobalSection(SolutionProperties) = preSolution
		HideSolutionNode = FALSE
	EndGlobalSection
	GlobalSection(ExtensibilityGlobals) = postSolution
		SolutionGuid = {38DDF9E0-21EE-4BA4-928E-4C17177EF787}
	EndGlobalSection
EndGlobal
